# THIS IS AN AUTOGENERATED FILE. DO NOT EDIT THIS FILE DIRECTLY.
# yarn lockfile v1


"@types/lodash@^4.14.91":
  version "4.14.91"
  resolved "http://registry.npm.taobao.org/@types/lodash/download/@types/lodash-4.14.91.tgz#794611b28056d16b5436059c6d800b39d573cd3a"

"@types/react@^16.0.30":
  version "16.0.30"
  resolved "http://registry.npm.taobao.org/@types/react/download/@types/react-16.0.30.tgz#cca9b180160004df574519c3d7c559fb181d545f"

lodash@^4.17.4:
  version "4.17.4"
  resolved "http://registry.npm.taobao.org/lodash/download/lodash-4.17.4.tgz#78203a4d1c328ae1d86dca6460e369b57f4055ae"

mobx@^3.4.1:
  version "3.4.1"
  resolved "http://registry.npm.taobao.org/mobx/download/mobx-3.4.1.tgz#37abe5ee882d401828d9f26c6c1a2f47614bbbef"

tslib@^1.8.1:
  version "1.8.1"
  resolved "http://registry.npm.taobao.org/tslib/download/tslib-1.8.1.tgz#6946af2d1d651a7b1863b531d6e5afa41aa44eac"

typescript@^2.6.2:
  version "2.6.2"
  resolved "http://registry.npm.taobao.org/typescript/download/typescript-2.6.2.tgz#3c5b6fd7f6de0914269027f03c0946758f7673a4"
